// !$*UTF8*$!
{
	archiveVersion = 1;
	classes = {
	};
	objectVersion = 56;
	objects = {

/* Begin PBXBuildFile section */
		570AAB722B733FC100239DB4 /* ViewModelable.swift in Sources */ = {isa = PBXBuildFile; fileRef = 570AAB712B733FC100239DB4 /* ViewModelable.swift */; };
		570AAB802B76515B00239DB4 /* Trade.swift in Sources */ = {isa = PBXBuildFile; fileRef = 570AAB7F2B76515A00239DB4 /* Trade.swift */; };
		570AAB822B76517600239DB4 /* Ticker.swift in Sources */ = {isa = PBXBuildFile; fileRef = 570AAB812B76517600239DB4 /* Ticker.swift */; };
		570AAB842B7651B400239DB4 /* MinuteCandle.swift in Sources */ = {isa = PBXBuildFile; fileRef = 570AAB832B7651B400239DB4 /* MinuteCandle.swift */; };
		570AAB882B7662E800239DB4 /* Market.swift in Sources */ = {isa = PBXBuildFile; fileRef = 570AAB872B7662E800239DB4 /* Market.swift */; };
		5720B7652B68D4FD00F3BD36 /* VirtualCurrencyApp.swift in Sources */ = {isa = PBXBuildFile; fileRef = 5720B7642B68D4FD00F3BD36 /* VirtualCurrencyApp.swift */; };
		5720B7672B68D4FD00F3BD36 /* ContentView.swift in Sources */ = {isa = PBXBuildFile; fileRef = 5720B7662B68D4FD00F3BD36 /* ContentView.swift */; };
		5720B7692B68D50200F3BD36 /* Assets.xcassets in Resources */ = {isa = PBXBuildFile; fileRef = 5720B7682B68D50200F3BD36 /* Assets.xcassets */; };
		5720B76C2B68D50200F3BD36 /* Preview Assets.xcassets in Resources */ = {isa = PBXBuildFile; fileRef = 5720B76B2B68D50200F3BD36 /* Preview Assets.xcassets */; };
		5720B7762B68D50300F3BD36 /* VirtualCurrencyTests.swift in Sources */ = {isa = PBXBuildFile; fileRef = 5720B7752B68D50300F3BD36 /* VirtualCurrencyTests.swift */; };
		5720B7802B68D50300F3BD36 /* VirtualCurrencyUITests.swift in Sources */ = {isa = PBXBuildFile; fileRef = 5720B77F2B68D50300F3BD36 /* VirtualCurrencyUITests.swift */; };
		5720B7822B68D50300F3BD36 /* VirtualCurrencyUITestsLaunchTests.swift in Sources */ = {isa = PBXBuildFile; fileRef = 5720B7812B68D50300F3BD36 /* VirtualCurrencyUITestsLaunchTests.swift */; };
		572D091A2B7A086500451BB1 /* DayCandle.swift in Sources */ = {isa = PBXBuildFile; fileRef = 572D09192B7A086500451BB1 /* DayCandle.swift */; };
		572D091C2B7A5F2300451BB1 /* String+Format.swift in Sources */ = {isa = PBXBuildFile; fileRef = 572D091B2B7A5F2300451BB1 /* String+Format.swift */; };
		57573EB72B78AA37007D66C7 /* CandleInteractor.swift in Sources */ = {isa = PBXBuildFile; fileRef = 57573EB62B78AA37007D66C7 /* CandleInteractor.swift */; };
		57573EBA2B78B302007D66C7 /* VirtualCurrencyRepositoryProtocol.swift in Sources */ = {isa = PBXBuildFile; fileRef = 57573EB92B78B302007D66C7 /* VirtualCurrencyRepositoryProtocol.swift */; };
		57573EBC2B78B318007D66C7 /* CandleRepositoryProtocol.swift in Sources */ = {isa = PBXBuildFile; fileRef = 57573EBB2B78B318007D66C7 /* CandleRepositoryProtocol.swift */; };
		57573EBE2B78B32E007D66C7 /* TradeRepositoryProtocol.swift in Sources */ = {isa = PBXBuildFile; fileRef = 57573EBD2B78B32E007D66C7 /* TradeRepositoryProtocol.swift */; };
		57573EC42B78B98C007D66C7 /* ReverseHorizontalScrollView.swift in Sources */ = {isa = PBXBuildFile; fileRef = 57573EC32B78B98C007D66C7 /* ReverseHorizontalScrollView.swift */; };
		57573EC62B78C1D0007D66C7 /* CandleRow.swift in Sources */ = {isa = PBXBuildFile; fileRef = 57573EC52B78C1D0007D66C7 /* CandleRow.swift */; };
		57573ECA2B7A06ED007D66C7 /* DayCandleRequest.swift in Sources */ = {isa = PBXBuildFile; fileRef = 57573EC92B7A06ED007D66C7 /* DayCandleRequest.swift */; };
		57573ECE2B7A07D1007D66C7 /* DayCandleDTO+Mapping.swift in Sources */ = {isa = PBXBuildFile; fileRef = 57573ECD2B7A07D1007D66C7 /* DayCandleDTO+Mapping.swift */; };
		578FE8812B6F0D6800107830 /* ExchangeRow.swift in Sources */ = {isa = PBXBuildFile; fileRef = 578FE8802B6F0D6800107830 /* ExchangeRow.swift */; };
		578FE8852B6F846C00107830 /* RealtimeTickerDTO+Mapping.swift in Sources */ = {isa = PBXBuildFile; fileRef = 578FE8842B6F846C00107830 /* RealtimeTickerDTO+Mapping.swift */; };
		57E296552B71CDBE00B77D51 /* TradeRequest.swift in Sources */ = {isa = PBXBuildFile; fileRef = 57E296542B71CDBE00B77D51 /* TradeRequest.swift */; };
		57E296572B71E58B00B77D51 /* TradeDataSource.swift in Sources */ = {isa = PBXBuildFile; fileRef = 57E296562B71E58B00B77D51 /* TradeDataSource.swift */; };
		57E296592B71E5C200B77D51 /* TradeDTO+Mapping.swift in Sources */ = {isa = PBXBuildFile; fileRef = 57E296582B71E5C200B77D51 /* TradeDTO+Mapping.swift */; };
		57E2965B2B71E96000B77D51 /* TradeRepository.swift in Sources */ = {isa = PBXBuildFile; fileRef = 57E2965A2B71E96000B77D51 /* TradeRepository.swift */; };
		57E2965D2B71EA4900B77D51 /* TradeInteractor.swift in Sources */ = {isa = PBXBuildFile; fileRef = 57E2965C2B71EA4900B77D51 /* TradeInteractor.swift */; };
		57E30A652B8370DA00CECF1F /* Double+Format.swift in Sources */ = {isa = PBXBuildFile; fileRef = 57E30A642B8370D900CECF1F /* Double+Format.swift */; };
		57E30A672B8377CA00CECF1F /* DIContainer.swift in Sources */ = {isa = PBXBuildFile; fileRef = 57E30A662B8377CA00CECF1F /* DIContainer.swift */; };
		57E30A692B83784600CECF1F /* WebSocketUseCase.swift in Sources */ = {isa = PBXBuildFile; fileRef = 57E30A682B83784600CECF1F /* WebSocketUseCase.swift */; };
		57E564102B68D959004DB0BF /* .gitignore in Resources */ = {isa = PBXBuildFile; fileRef = 57E5640F2B68D959004DB0BF /* .gitignore */; };
		57EDE2C42B6A2E9700F29E10 /* WebSocketManager.swift in Sources */ = {isa = PBXBuildFile; fileRef = 57EDE2C32B6A2E9700F29E10 /* WebSocketManager.swift */; };
		57EECCFF2B70819200C8BA77 /* ChartView.swift in Sources */ = {isa = PBXBuildFile; fileRef = 57EECCFE2B70819200C8BA77 /* ChartView.swift */; };
		57EECD012B708F7B00C8BA77 /* MinuteCandleRequest.swift in Sources */ = {isa = PBXBuildFile; fileRef = 57EECD002B708F7B00C8BA77 /* MinuteCandleRequest.swift */; };
		57EECD032B70922700C8BA77 /* MinuteCandleDTO+Mapping.swift in Sources */ = {isa = PBXBuildFile; fileRef = 57EECD022B70922700C8BA77 /* MinuteCandleDTO+Mapping.swift */; };
		57EECD052B70A6B100C8BA77 /* CandleDataSource.swift in Sources */ = {isa = PBXBuildFile; fileRef = 57EECD042B70A6B100C8BA77 /* CandleDataSource.swift */; };
		57EECD072B70A8BC00C8BA77 /* CandleRepository.swift in Sources */ = {isa = PBXBuildFile; fileRef = 57EECD062B70A8BC00C8BA77 /* CandleRepository.swift */; };
		57EECD0B2B70AC8800C8BA77 /* ChartViewModel.swift in Sources */ = {isa = PBXBuildFile; fileRef = 57EECD0A2B70AC8800C8BA77 /* ChartViewModel.swift */; };
		57FCD3922B776D67006C22C5 /* RealtimeTickerInteractor.swift in Sources */ = {isa = PBXBuildFile; fileRef = 57FCD3912B776D67006C22C5 /* RealtimeTickerInteractor.swift */; };
		57FCD3942B776DC5006C22C5 /* RealtimeTradeInteractor.swift in Sources */ = {isa = PBXBuildFile; fileRef = 57FCD3932B776DC5006C22C5 /* RealtimeTradeInteractor.swift */; };
		57FCD3962B776F4A006C22C5 /* RealtimeTradeDTO+Mapping.swift in Sources */ = {isa = PBXBuildFile; fileRef = 57FCD3952B776F4A006C22C5 /* RealtimeTradeDTO+Mapping.swift */; };
		57FD69122B6BA73800E57F96 /* QuotationRouter.swift in Sources */ = {isa = PBXBuildFile; fileRef = 57FD69112B6BA73800E57F96 /* QuotationRouter.swift */; };
		57FD69142B6BA75900E57F96 /* NetworkBase.swift in Sources */ = {isa = PBXBuildFile; fileRef = 57FD69132B6BA75900E57F96 /* NetworkBase.swift */; };
		57FD69172B6BAB7300E57F96 /* Moya in Frameworks */ = {isa = PBXBuildFile; productRef = 57FD69162B6BAB7300E57F96 /* Moya */; };
		57FD69192B6BADD200E57F96 /* HTTPManager.swift in Sources */ = {isa = PBXBuildFile; fileRef = 57FD69182B6BADD200E57F96 /* HTTPManager.swift */; };
		57FD691B2B6BB0DC00E57F96 /* MarketDTO+Mapping.swift in Sources */ = {isa = PBXBuildFile; fileRef = 57FD691A2B6BB0DC00E57F96 /* MarketDTO+Mapping.swift */; };
		57FD691F2B6BCA1E00E57F96 /* TickerDTO+Mapping.swift in Sources */ = {isa = PBXBuildFile; fileRef = 57FD691E2B6BCA1E00E57F96 /* TickerDTO+Mapping.swift */; };
		57FD69242B6CBECB00E57F96 /* MarketDataSource.swift in Sources */ = {isa = PBXBuildFile; fileRef = 57FD69232B6CBECB00E57F96 /* MarketDataSource.swift */; };
		57FD69292B6CC89000E57F96 /* TickerDataSource.swift in Sources */ = {isa = PBXBuildFile; fileRef = 57FD69282B6CC89000E57F96 /* TickerDataSource.swift */; };
		57FD69342B6D0A1800E57F96 /* TickerRequest.swift in Sources */ = {isa = PBXBuildFile; fileRef = 57FD69332B6D0A1800E57F96 /* TickerRequest.swift */; };
		57FD69382B6E0A5600E57F96 /* ExchangeView.swift in Sources */ = {isa = PBXBuildFile; fileRef = 57FD69372B6E0A5600E57F96 /* ExchangeView.swift */; };
		57FD693A2B6E0A6700E57F96 /* ExchangeViewModel.swift in Sources */ = {isa = PBXBuildFile; fileRef = 57FD69392B6E0A6700E57F96 /* ExchangeViewModel.swift */; };
		57FD693C2B6E0A9E00E57F96 /* VirtualCurrency.swift in Sources */ = {isa = PBXBuildFile; fileRef = 57FD693B2B6E0A9E00E57F96 /* VirtualCurrency.swift */; };
		57FD693E2B6E0DA300E57F96 /* VirtualCurrencyInteractor.swift in Sources */ = {isa = PBXBuildFile; fileRef = 57FD693D2B6E0DA300E57F96 /* VirtualCurrencyInteractor.swift */; };
		57FD69422B6E0FF600E57F96 /* NetworkError.swift in Sources */ = {isa = PBXBuildFile; fileRef = 57FD69412B6E0FF600E57F96 /* NetworkError.swift */; };
		57FD69442B6E152200E57F96 /* VirtualCurrencyRepository.swift in Sources */ = {isa = PBXBuildFile; fileRef = 57FD69432B6E152200E57F96 /* VirtualCurrencyRepository.swift */; };
/* End PBXBuildFile section */

/* Begin PBXContainerItemProxy section */
		5720B7722B68D50300F3BD36 /* PBXContainerItemProxy */ = {
			isa = PBXContainerItemProxy;
			containerPortal = 5720B7592B68D4FD00F3BD36 /* Project object */;
			proxyType = 1;
			remoteGlobalIDString = 5720B7602B68D4FD00F3BD36;
			remoteInfo = VirtualCurrency;
		};
		5720B77C2B68D50300F3BD36 /* PBXContainerItemProxy */ = {
			isa = PBXContainerItemProxy;
			containerPortal = 5720B7592B68D4FD00F3BD36 /* Project object */;
			proxyType = 1;
			remoteGlobalIDString = 5720B7602B68D4FD00F3BD36;
			remoteInfo = VirtualCurrency;
		};
/* End PBXContainerItemProxy section */

/* Begin PBXFileReference section */
		570AAB712B733FC100239DB4 /* ViewModelable.swift */ = {isa = PBXFileReference; lastKnownFileType = sourcecode.swift; path = ViewModelable.swift; sourceTree = "<group>"; };
		570AAB7F2B76515A00239DB4 /* Trade.swift */ = {isa = PBXFileReference; lastKnownFileType = sourcecode.swift; path = Trade.swift; sourceTree = "<group>"; };
		570AAB812B76517600239DB4 /* Ticker.swift */ = {isa = PBXFileReference; lastKnownFileType = sourcecode.swift; path = Ticker.swift; sourceTree = "<group>"; };
		570AAB832B7651B400239DB4 /* MinuteCandle.swift */ = {isa = PBXFileReference; lastKnownFileType = sourcecode.swift; path = MinuteCandle.swift; sourceTree = "<group>"; };
		570AAB872B7662E800239DB4 /* Market.swift */ = {isa = PBXFileReference; lastKnownFileType = sourcecode.swift; path = Market.swift; sourceTree = "<group>"; };
		5720B7612B68D4FD00F3BD36 /* VirtualCurrency.app */ = {isa = PBXFileReference; explicitFileType = wrapper.application; includeInIndex = 0; path = VirtualCurrency.app; sourceTree = BUILT_PRODUCTS_DIR; };
		5720B7642B68D4FD00F3BD36 /* VirtualCurrencyApp.swift */ = {isa = PBXFileReference; lastKnownFileType = sourcecode.swift; path = VirtualCurrencyApp.swift; sourceTree = "<group>"; };
		5720B7662B68D4FD00F3BD36 /* ContentView.swift */ = {isa = PBXFileReference; lastKnownFileType = sourcecode.swift; path = ContentView.swift; sourceTree = "<group>"; };
		5720B7682B68D50200F3BD36 /* Assets.xcassets */ = {isa = PBXFileReference; lastKnownFileType = folder.assetcatalog; path = Assets.xcassets; sourceTree = "<group>"; };
		5720B76B2B68D50200F3BD36 /* Preview Assets.xcassets */ = {isa = PBXFileReference; lastKnownFileType = folder.assetcatalog; path = "Preview Assets.xcassets"; sourceTree = "<group>"; };
		5720B7712B68D50200F3BD36 /* VirtualCurrencyTests.xctest */ = {isa = PBXFileReference; explicitFileType = wrapper.cfbundle; includeInIndex = 0; path = VirtualCurrencyTests.xctest; sourceTree = BUILT_PRODUCTS_DIR; };
		5720B7752B68D50300F3BD36 /* VirtualCurrencyTests.swift */ = {isa = PBXFileReference; lastKnownFileType = sourcecode.swift; path = VirtualCurrencyTests.swift; sourceTree = "<group>"; };
		5720B77B2B68D50300F3BD36 /* VirtualCurrencyUITests.xctest */ = {isa = PBXFileReference; explicitFileType = wrapper.cfbundle; includeInIndex = 0; path = VirtualCurrencyUITests.xctest; sourceTree = BUILT_PRODUCTS_DIR; };
		5720B77F2B68D50300F3BD36 /* VirtualCurrencyUITests.swift */ = {isa = PBXFileReference; lastKnownFileType = sourcecode.swift; path = VirtualCurrencyUITests.swift; sourceTree = "<group>"; };
		5720B7812B68D50300F3BD36 /* VirtualCurrencyUITestsLaunchTests.swift */ = {isa = PBXFileReference; lastKnownFileType = sourcecode.swift; path = VirtualCurrencyUITestsLaunchTests.swift; sourceTree = "<group>"; };
		572D09192B7A086500451BB1 /* DayCandle.swift */ = {isa = PBXFileReference; lastKnownFileType = sourcecode.swift; path = DayCandle.swift; sourceTree = "<group>"; };
		572D091B2B7A5F2300451BB1 /* String+Format.swift */ = {isa = PBXFileReference; lastKnownFileType = sourcecode.swift; path = "String+Format.swift"; sourceTree = "<group>"; };
		57573EB62B78AA37007D66C7 /* CandleInteractor.swift */ = {isa = PBXFileReference; lastKnownFileType = sourcecode.swift; path = CandleInteractor.swift; sourceTree = "<group>"; };
		57573EB92B78B302007D66C7 /* VirtualCurrencyRepositoryProtocol.swift */ = {isa = PBXFileReference; lastKnownFileType = sourcecode.swift; path = VirtualCurrencyRepositoryProtocol.swift; sourceTree = "<group>"; };
		57573EBB2B78B318007D66C7 /* CandleRepositoryProtocol.swift */ = {isa = PBXFileReference; lastKnownFileType = sourcecode.swift; path = CandleRepositoryProtocol.swift; sourceTree = "<group>"; };
		57573EBD2B78B32E007D66C7 /* TradeRepositoryProtocol.swift */ = {isa = PBXFileReference; lastKnownFileType = sourcecode.swift; path = TradeRepositoryProtocol.swift; sourceTree = "<group>"; };
		57573EC32B78B98C007D66C7 /* ReverseHorizontalScrollView.swift */ = {isa = PBXFileReference; lastKnownFileType = sourcecode.swift; path = ReverseHorizontalScrollView.swift; sourceTree = "<group>"; };
		57573EC52B78C1D0007D66C7 /* CandleRow.swift */ = {isa = PBXFileReference; lastKnownFileType = sourcecode.swift; path = CandleRow.swift; sourceTree = "<group>"; };
		57573EC92B7A06ED007D66C7 /* DayCandleRequest.swift */ = {isa = PBXFileReference; lastKnownFileType = sourcecode.swift; path = DayCandleRequest.swift; sourceTree = "<group>"; };
		57573ECD2B7A07D1007D66C7 /* DayCandleDTO+Mapping.swift */ = {isa = PBXFileReference; lastKnownFileType = sourcecode.swift; path = "DayCandleDTO+Mapping.swift"; sourceTree = "<group>"; };
		578FE8802B6F0D6800107830 /* ExchangeRow.swift */ = {isa = PBXFileReference; lastKnownFileType = sourcecode.swift; path = ExchangeRow.swift; sourceTree = "<group>"; };
		578FE8842B6F846C00107830 /* RealtimeTickerDTO+Mapping.swift */ = {isa = PBXFileReference; lastKnownFileType = sourcecode.swift; path = "RealtimeTickerDTO+Mapping.swift"; sourceTree = "<group>"; };
		57E296542B71CDBE00B77D51 /* TradeRequest.swift */ = {isa = PBXFileReference; lastKnownFileType = sourcecode.swift; path = TradeRequest.swift; sourceTree = "<group>"; };
		57E296562B71E58B00B77D51 /* TradeDataSource.swift */ = {isa = PBXFileReference; lastKnownFileType = sourcecode.swift; path = TradeDataSource.swift; sourceTree = "<group>"; };
		57E296582B71E5C200B77D51 /* TradeDTO+Mapping.swift */ = {isa = PBXFileReference; lastKnownFileType = sourcecode.swift; path = "TradeDTO+Mapping.swift"; sourceTree = "<group>"; };
		57E2965A2B71E96000B77D51 /* TradeRepository.swift */ = {isa = PBXFileReference; lastKnownFileType = sourcecode.swift; path = TradeRepository.swift; sourceTree = "<group>"; };
		57E2965C2B71EA4900B77D51 /* TradeInteractor.swift */ = {isa = PBXFileReference; lastKnownFileType = sourcecode.swift; path = TradeInteractor.swift; sourceTree = "<group>"; };
		57E30A642B8370D900CECF1F /* Double+Format.swift */ = {isa = PBXFileReference; lastKnownFileType = sourcecode.swift; path = "Double+Format.swift"; sourceTree = "<group>"; };
		57E30A662B8377CA00CECF1F /* DIContainer.swift */ = {isa = PBXFileReference; lastKnownFileType = sourcecode.swift; path = DIContainer.swift; sourceTree = "<group>"; };
		57E30A682B83784600CECF1F /* WebSocketUseCase.swift */ = {isa = PBXFileReference; lastKnownFileType = sourcecode.swift; path = WebSocketUseCase.swift; sourceTree = "<group>"; };
		57E5640F2B68D959004DB0BF /* .gitignore */ = {isa = PBXFileReference; lastKnownFileType = text; path = .gitignore; sourceTree = "<group>"; };
		57EDE2C32B6A2E9700F29E10 /* WebSocketManager.swift */ = {isa = PBXFileReference; lastKnownFileType = sourcecode.swift; path = WebSocketManager.swift; sourceTree = "<group>"; };
		57EECCFE2B70819200C8BA77 /* ChartView.swift */ = {isa = PBXFileReference; lastKnownFileType = sourcecode.swift; path = ChartView.swift; sourceTree = "<group>"; };
		57EECD002B708F7B00C8BA77 /* MinuteCandleRequest.swift */ = {isa = PBXFileReference; lastKnownFileType = sourcecode.swift; path = MinuteCandleRequest.swift; sourceTree = "<group>"; };
		57EECD022B70922700C8BA77 /* MinuteCandleDTO+Mapping.swift */ = {isa = PBXFileReference; lastKnownFileType = sourcecode.swift; path = "MinuteCandleDTO+Mapping.swift"; sourceTree = "<group>"; };
		57EECD042B70A6B100C8BA77 /* CandleDataSource.swift */ = {isa = PBXFileReference; lastKnownFileType = sourcecode.swift; path = CandleDataSource.swift; sourceTree = "<group>"; };
		57EECD062B70A8BC00C8BA77 /* CandleRepository.swift */ = {isa = PBXFileReference; lastKnownFileType = sourcecode.swift; path = CandleRepository.swift; sourceTree = "<group>"; };
		57EECD0A2B70AC8800C8BA77 /* ChartViewModel.swift */ = {isa = PBXFileReference; lastKnownFileType = sourcecode.swift; path = ChartViewModel.swift; sourceTree = "<group>"; };
		57FCD3912B776D67006C22C5 /* RealtimeTickerInteractor.swift */ = {isa = PBXFileReference; lastKnownFileType = sourcecode.swift; path = RealtimeTickerInteractor.swift; sourceTree = "<group>"; };
		57FCD3932B776DC5006C22C5 /* RealtimeTradeInteractor.swift */ = {isa = PBXFileReference; lastKnownFileType = sourcecode.swift; path = RealtimeTradeInteractor.swift; sourceTree = "<group>"; };
		57FCD3952B776F4A006C22C5 /* RealtimeTradeDTO+Mapping.swift */ = {isa = PBXFileReference; lastKnownFileType = sourcecode.swift; path = "RealtimeTradeDTO+Mapping.swift"; sourceTree = "<group>"; };
		57FCD3A22B77CD6E006C22C5 /* info.plist */ = {isa = PBXFileReference; lastKnownFileType = text.plist.xml; path = info.plist; sourceTree = "<group>"; };
		57FD69112B6BA73800E57F96 /* QuotationRouter.swift */ = {isa = PBXFileReference; lastKnownFileType = sourcecode.swift; path = QuotationRouter.swift; sourceTree = "<group>"; };
		57FD69132B6BA75900E57F96 /* NetworkBase.swift */ = {isa = PBXFileReference; lastKnownFileType = sourcecode.swift; path = NetworkBase.swift; sourceTree = "<group>"; };
		57FD69182B6BADD200E57F96 /* HTTPManager.swift */ = {isa = PBXFileReference; lastKnownFileType = sourcecode.swift; path = HTTPManager.swift; sourceTree = "<group>"; };
		57FD691A2B6BB0DC00E57F96 /* MarketDTO+Mapping.swift */ = {isa = PBXFileReference; lastKnownFileType = sourcecode.swift; path = "MarketDTO+Mapping.swift"; sourceTree = "<group>"; };
		57FD691E2B6BCA1E00E57F96 /* TickerDTO+Mapping.swift */ = {isa = PBXFileReference; lastKnownFileType = sourcecode.swift; path = "TickerDTO+Mapping.swift"; sourceTree = "<group>"; };
		57FD69232B6CBECB00E57F96 /* MarketDataSource.swift */ = {isa = PBXFileReference; lastKnownFileType = sourcecode.swift; path = MarketDataSource.swift; sourceTree = "<group>"; };
		57FD69282B6CC89000E57F96 /* TickerDataSource.swift */ = {isa = PBXFileReference; lastKnownFileType = sourcecode.swift; path = TickerDataSource.swift; sourceTree = "<group>"; };
		57FD69332B6D0A1800E57F96 /* TickerRequest.swift */ = {isa = PBXFileReference; lastKnownFileType = sourcecode.swift; path = TickerRequest.swift; sourceTree = "<group>"; };
		57FD69372B6E0A5600E57F96 /* ExchangeView.swift */ = {isa = PBXFileReference; lastKnownFileType = sourcecode.swift; path = ExchangeView.swift; sourceTree = "<group>"; };
		57FD69392B6E0A6700E57F96 /* ExchangeViewModel.swift */ = {isa = PBXFileReference; lastKnownFileType = sourcecode.swift; path = ExchangeViewModel.swift; sourceTree = "<group>"; };
		57FD693B2B6E0A9E00E57F96 /* VirtualCurrency.swift */ = {isa = PBXFileReference; lastKnownFileType = sourcecode.swift; path = VirtualCurrency.swift; sourceTree = "<group>"; };
		57FD693D2B6E0DA300E57F96 /* VirtualCurrencyInteractor.swift */ = {isa = PBXFileReference; lastKnownFileType = sourcecode.swift; path = VirtualCurrencyInteractor.swift; sourceTree = "<group>"; };
		57FD69412B6E0FF600E57F96 /* NetworkError.swift */ = {isa = PBXFileReference; lastKnownFileType = sourcecode.swift; path = NetworkError.swift; sourceTree = "<group>"; };
		57FD69432B6E152200E57F96 /* VirtualCurrencyRepository.swift */ = {isa = PBXFileReference; lastKnownFileType = sourcecode.swift; path = VirtualCurrencyRepository.swift; sourceTree = "<group>"; };
/* End PBXFileReference section */

/* Begin PBXFrameworksBuildPhase section */
		5720B75E2B68D4FD00F3BD36 /* Frameworks */ = {
			isa = PBXFrameworksBuildPhase;
			buildActionMask = 2147483647;
			files = (
			);
			runOnlyForDeploymentPostprocessing = 0;
		};
		5720B76E2B68D50200F3BD36 /* Frameworks */ = {
			isa = PBXFrameworksBuildPhase;
			buildActionMask = 2147483647;
			files = (
				57FD69172B6BAB7300E57F96 /* Moya in Frameworks */,
			);
			runOnlyForDeploymentPostprocessing = 0;
		};
		5720B7782B68D50300F3BD36 /* Frameworks */ = {
			isa = PBXFrameworksBuildPhase;
			buildActionMask = 2147483647;
			files = (
			);
			runOnlyForDeploymentPostprocessing = 0;
		};
/* End PBXFrameworksBuildPhase section */

/* Begin PBXGroup section */
		5720B7582B68D4FD00F3BD36 = {
			isa = PBXGroup;
			children = (
				5720B7632B68D4FD00F3BD36 /* VirtualCurrency */,
				5720B7742B68D50300F3BD36 /* VirtualCurrencyTests */,
				5720B77E2B68D50300F3BD36 /* VirtualCurrencyUITests */,
				5720B7622B68D4FD00F3BD36 /* Products */,
			);
			sourceTree = "<group>";
		};
		5720B7622B68D4FD00F3BD36 /* Products */ = {
			isa = PBXGroup;
			children = (
				5720B7612B68D4FD00F3BD36 /* VirtualCurrency.app */,
				5720B7712B68D50200F3BD36 /* VirtualCurrencyTests.xctest */,
				5720B77B2B68D50300F3BD36 /* VirtualCurrencyUITests.xctest */,
			);
			name = Products;
			sourceTree = "<group>";
		};
		5720B7632B68D4FD00F3BD36 /* VirtualCurrency */ = {
			isa = PBXGroup;
			children = (
				57573EC22B78B39C007D66C7 /* Application */,
				57FD692E2B6CDA3F00E57F96 /* Presentation */,
				57FD691D2B6BB2EA00E57F96 /* Domain */,
				57FD690C2B6B8B3400E57F96 /* Data */,
				57FD693F2B6E0F2800E57F96 /* Infrastructures */,
				57573EC12B78B38E007D66C7 /* Resource */,
				5720B76A2B68D50200F3BD36 /* Preview Content */,
				57FCD3A22B77CD6E006C22C5 /* info.plist */,
				57E5640F2B68D959004DB0BF /* .gitignore */,
			);
			path = VirtualCurrency;
			sourceTree = "<group>";
		};
		5720B76A2B68D50200F3BD36 /* Preview Content */ = {
			isa = PBXGroup;
			children = (
				5720B76B2B68D50200F3BD36 /* Preview Assets.xcassets */,
			);
			path = "Preview Content";
			sourceTree = "<group>";
		};
		5720B7742B68D50300F3BD36 /* VirtualCurrencyTests */ = {
			isa = PBXGroup;
			children = (
				5720B7752B68D50300F3BD36 /* VirtualCurrencyTests.swift */,
			);
			path = VirtualCurrencyTests;
			sourceTree = "<group>";
		};
		5720B77E2B68D50300F3BD36 /* VirtualCurrencyUITests */ = {
			isa = PBXGroup;
			children = (
				5720B77F2B68D50300F3BD36 /* VirtualCurrencyUITests.swift */,
				5720B7812B68D50300F3BD36 /* VirtualCurrencyUITestsLaunchTests.swift */,
			);
			path = VirtualCurrencyUITests;
			sourceTree = "<group>";
		};
		572D091D2B7A93FC00451BB1 /* Network */ = {
			isa = PBXGroup;
			children = (
				57FD69182B6BADD200E57F96 /* HTTPManager.swift */,
				57EDE2C32B6A2E9700F29E10 /* WebSocketManager.swift */,
				57FD69412B6E0FF600E57F96 /* NetworkError.swift */,
			);
			path = Network;
			sourceTree = "<group>";
		};
		572D091E2B7BE62600451BB1 /* Repositories */ = {
			isa = PBXGroup;
			children = (
				57573EB92B78B302007D66C7 /* VirtualCurrencyRepositoryProtocol.swift */,
				57573EBB2B78B318007D66C7 /* CandleRepositoryProtocol.swift */,
				57573EBD2B78B32E007D66C7 /* TradeRepositoryProtocol.swift */,
			);
			path = Repositories;
			sourceTree = "<group>";
		};
		572D091F2B7BE69E00451BB1 /* Responses */ = {
			isa = PBXGroup;
			children = (
				57FD691A2B6BB0DC00E57F96 /* MarketDTO+Mapping.swift */,
				57573ECC2B7A07BF007D66C7 /* Candle */,
				57E296582B71E5C200B77D51 /* TradeDTO+Mapping.swift */,
				57FD691E2B6BCA1E00E57F96 /* TickerDTO+Mapping.swift */,
				57FCD38A2B768A66006C22C5 /* Realtime */,
			);
			path = Responses;
			sourceTree = "<group>";
		};
		57573EB82B78B2E4007D66C7 /* Interfaces */ = {
			isa = PBXGroup;
			children = (
				572D091E2B7BE62600451BB1 /* Repositories */,
			);
			path = Interfaces;
			sourceTree = "<group>";
		};
		57573EC12B78B38E007D66C7 /* Resource */ = {
			isa = PBXGroup;
			children = (
				5720B7682B68D50200F3BD36 /* Assets.xcassets */,
			);
			path = Resource;
			sourceTree = "<group>";
		};
		57573EC22B78B39C007D66C7 /* Application */ = {
			isa = PBXGroup;
			children = (
				5720B7642B68D4FD00F3BD36 /* VirtualCurrencyApp.swift */,
				5720B7662B68D4FD00F3BD36 /* ContentView.swift */,
				57E30A662B8377CA00CECF1F /* DIContainer.swift */,
			);
			path = Application;
			sourceTree = "<group>";
		};
		57573ECB2B7A0705007D66C7 /* Candle */ = {
			isa = PBXGroup;
			children = (
				57EECD002B708F7B00C8BA77 /* MinuteCandleRequest.swift */,
				57573EC92B7A06ED007D66C7 /* DayCandleRequest.swift */,
			);
			path = Candle;
			sourceTree = "<group>";
		};
		57573ECC2B7A07BF007D66C7 /* Candle */ = {
			isa = PBXGroup;
			children = (
				57EECD022B70922700C8BA77 /* MinuteCandleDTO+Mapping.swift */,
				57573ECD2B7A07D1007D66C7 /* DayCandleDTO+Mapping.swift */,
			);
			path = Candle;
			sourceTree = "<group>";
		};
		57573ECF2B7A0801007D66C7 /* Candle */ = {
			isa = PBXGroup;
			children = (
				570AAB832B7651B400239DB4 /* MinuteCandle.swift */,
				572D09192B7A086500451BB1 /* DayCandle.swift */,
			);
			path = Candle;
			sourceTree = "<group>";
		};
		57EECCFD2B70816700C8BA77 /* Chart */ = {
			isa = PBXGroup;
			children = (
				57EECCFE2B70819200C8BA77 /* ChartView.swift */,
				57EECD0A2B70AC8800C8BA77 /* ChartViewModel.swift */,
				57573EC52B78C1D0007D66C7 /* CandleRow.swift */,
				57573EC32B78B98C007D66C7 /* ReverseHorizontalScrollView.swift */,
			);
			path = Chart;
			sourceTree = "<group>";
		};
		57FCD3872B7673FE006C22C5 /* Utility */ = {
			isa = PBXGroup;
			children = (
				570AAB712B733FC100239DB4 /* ViewModelable.swift */,
			);
			path = Utility;
			sourceTree = "<group>";
		};
		57FCD38A2B768A66006C22C5 /* Realtime */ = {
			isa = PBXGroup;
			children = (
				578FE8842B6F846C00107830 /* RealtimeTickerDTO+Mapping.swift */,
				57FCD3952B776F4A006C22C5 /* RealtimeTradeDTO+Mapping.swift */,
			);
			path = Realtime;
			sourceTree = "<group>";
		};
		57FCD38F2B769D63006C22C5 /* Extension+ */ = {
			isa = PBXGroup;
			children = (
				57E30A642B8370D900CECF1F /* Double+Format.swift */,
				572D091B2B7A5F2300451BB1 /* String+Format.swift */,
			);
			path = "Extension+";
			sourceTree = "<group>";
		};
		57FCD3902B76B343006C22C5 /* RealtimeUseCase */ = {
			isa = PBXGroup;
			children = (
				57E30A682B83784600CECF1F /* WebSocketUseCase.swift */,
				57FCD3912B776D67006C22C5 /* RealtimeTickerInteractor.swift */,
				57FCD3932B776DC5006C22C5 /* RealtimeTradeInteractor.swift */,
			);
			path = RealtimeUseCase;
			sourceTree = "<group>";
		};
		57FD690C2B6B8B3400E57F96 /* Data */ = {
			isa = PBXGroup;
			children = (
				57FD69252B6CC41000E57F96 /* Repositories */,
				57FD69222B6CBEAF00E57F96 /* DataSources */,
				57FD690D2B6B8B3E00E57F96 /* Network */,
			);
			path = Data;
			sourceTree = "<group>";
		};
		57FD690D2B6B8B3E00E57F96 /* Network */ = {
			isa = PBXGroup;
			children = (
				57FD690E2B6B8B4600E57F96 /* Router */,
				57FD691C2B6BB29D00E57F96 /* Mapping */,
			);
			path = Network;
			sourceTree = "<group>";
		};
		57FD690E2B6B8B4600E57F96 /* Router */ = {
			isa = PBXGroup;
			children = (
				57FD69132B6BA75900E57F96 /* NetworkBase.swift */,
				57FD69112B6BA73800E57F96 /* QuotationRouter.swift */,
			);
			path = Router;
			sourceTree = "<group>";
		};
		57FD691C2B6BB29D00E57F96 /* Mapping */ = {
			isa = PBXGroup;
			children = (
				57FD692A2B6CD36C00E57F96 /* Requests */,
				572D091F2B7BE69E00451BB1 /* Responses */,
			);
			path = Mapping;
			sourceTree = "<group>";
		};
		57FD691D2B6BB2EA00E57F96 /* Domain */ = {
			isa = PBXGroup;
			children = (
				57FD69202B6C307700E57F96 /* Entities */,
				57FD69212B6C345A00E57F96 /* UseCases */,
				57573EB82B78B2E4007D66C7 /* Interfaces */,
			);
			path = Domain;
			sourceTree = "<group>";
		};
		57FD69202B6C307700E57F96 /* Entities */ = {
			isa = PBXGroup;
			children = (
				57FD693B2B6E0A9E00E57F96 /* VirtualCurrency.swift */,
				570AAB872B7662E800239DB4 /* Market.swift */,
				57573ECF2B7A0801007D66C7 /* Candle */,
				570AAB7F2B76515A00239DB4 /* Trade.swift */,
				570AAB812B76517600239DB4 /* Ticker.swift */,
			);
			path = Entities;
			sourceTree = "<group>";
		};
		57FD69212B6C345A00E57F96 /* UseCases */ = {
			isa = PBXGroup;
			children = (
				57E2965C2B71EA4900B77D51 /* TradeInteractor.swift */,
				57573EB62B78AA37007D66C7 /* CandleInteractor.swift */,
				57FD693D2B6E0DA300E57F96 /* VirtualCurrencyInteractor.swift */,
				57FCD3902B76B343006C22C5 /* RealtimeUseCase */,
			);
			path = UseCases;
			sourceTree = "<group>";
		};
		57FD69222B6CBEAF00E57F96 /* DataSources */ = {
			isa = PBXGroup;
			children = (
				57FD69232B6CBECB00E57F96 /* MarketDataSource.swift */,
				57EECD042B70A6B100C8BA77 /* CandleDataSource.swift */,
				57E296562B71E58B00B77D51 /* TradeDataSource.swift */,
				57FD69282B6CC89000E57F96 /* TickerDataSource.swift */,
			);
			path = DataSources;
			sourceTree = "<group>";
		};
		57FD69252B6CC41000E57F96 /* Repositories */ = {
			isa = PBXGroup;
			children = (
				57FD69432B6E152200E57F96 /* VirtualCurrencyRepository.swift */,
				57EECD062B70A8BC00C8BA77 /* CandleRepository.swift */,
				57E2965A2B71E96000B77D51 /* TradeRepository.swift */,
			);
			path = Repositories;
			sourceTree = "<group>";
		};
		57FD692A2B6CD36C00E57F96 /* Requests */ = {
			isa = PBXGroup;
			children = (
				57573ECB2B7A0705007D66C7 /* Candle */,
				57E296542B71CDBE00B77D51 /* TradeRequest.swift */,
				57FD69332B6D0A1800E57F96 /* TickerRequest.swift */,
			);
			path = Requests;
			sourceTree = "<group>";
		};
		57FD692E2B6CDA3F00E57F96 /* Presentation */ = {
			isa = PBXGroup;
			children = (
				57FD692F2B6CDAD800E57F96 /* Scene */,
			);
			path = Presentation;
			sourceTree = "<group>";
		};
		57FD692F2B6CDAD800E57F96 /* Scene */ = {
			isa = PBXGroup;
			children = (
				57FD69302B6CDAE100E57F96 /* Exchange */,
				57EECCFD2B70816700C8BA77 /* Chart */,
				57E296522B71CBA800B77D51 /* Trade */,
				57FCD3872B7673FE006C22C5 /* Utility */,
				57FCD38F2B769D63006C22C5 /* Extension+ */,
			);
			path = Scene;
			sourceTree = "<group>";
		};
		57FD69302B6CDAE100E57F96 /* Exchange */ = {
			isa = PBXGroup;
			children = (
				57FD69372B6E0A5600E57F96 /* ExchangeView.swift */,
				578FE8802B6F0D6800107830 /* ExchangeRow.swift */,
				57FD69392B6E0A6700E57F96 /* ExchangeViewModel.swift */,
			);
			path = Exchange;
			sourceTree = "<group>";
		};
		57FD693F2B6E0F2800E57F96 /* Infrastructures */ = {
			isa = PBXGroup;
			children = (
				572D091D2B7A93FC00451BB1 /* Network */,
			);
			path = Infrastructures;
			sourceTree = "<group>";
		};
/* End PBXGroup section */

/* Begin PBXNativeTarget section */
		5720B7602B68D4FD00F3BD36 /* VirtualCurrency */ = {
			isa = PBXNativeTarget;
			buildConfigurationList = 5720B7852B68D50300F3BD36 /* Build configuration list for PBXNativeTarget "VirtualCurrency" */;
			buildPhases = (
				5720B75D2B68D4FD00F3BD36 /* Sources */,
				5720B75E2B68D4FD00F3BD36 /* Frameworks */,
				5720B75F2B68D4FD00F3BD36 /* Resources */,
			);
			buildRules = (
			);
			dependencies = (
			);
			name = VirtualCurrency;
			packageProductDependencies = (
				57FD69162B6BAB7300E57F96 /* Moya */,
			);
			productName = VirtualCurrency;
			productReference = 5720B7612B68D4FD00F3BD36 /* VirtualCurrency.app */;
			productType = "com.apple.product-type.application";
		};
		5720B7702B68D50200F3BD36 /* VirtualCurrencyTests */ = {
			isa = PBXNativeTarget;
			buildConfigurationList = 5720B7882B68D50300F3BD36 /* Build configuration list for PBXNativeTarget "VirtualCurrencyTests" */;
			buildPhases = (
				5720B76D2B68D50200F3BD36 /* Sources */,
				5720B76E2B68D50200F3BD36 /* Frameworks */,
				5720B76F2B68D50200F3BD36 /* Resources */,
			);
			buildRules = (
			);
			dependencies = (
				5720B7732B68D50300F3BD36 /* PBXTargetDependency */,
			);
			name = VirtualCurrencyTests;
			productName = VirtualCurrencyTests;
			productReference = 5720B7712B68D50200F3BD36 /* VirtualCurrencyTests.xctest */;
			productType = "com.apple.product-type.bundle.unit-test";
		};
		5720B77A2B68D50300F3BD36 /* VirtualCurrencyUITests */ = {
			isa = PBXNativeTarget;
			buildConfigurationList = 5720B78B2B68D50300F3BD36 /* Build configuration list for PBXNativeTarget "VirtualCurrencyUITests" */;
			buildPhases = (
				5720B7772B68D50300F3BD36 /* Sources */,
				5720B7782B68D50300F3BD36 /* Frameworks */,
				5720B7792B68D50300F3BD36 /* Resources */,
			);
			buildRules = (
			);
			dependencies = (
				5720B77D2B68D50300F3BD36 /* PBXTargetDependency */,
			);
			name = VirtualCurrencyUITests;
			productName = VirtualCurrencyUITests;
			productReference = 5720B77B2B68D50300F3BD36 /* VirtualCurrencyUITests.xctest */;
			productType = "com.apple.product-type.bundle.ui-testing";
		};
/* End PBXNativeTarget section */

/* Begin PBXProject section */
		5720B7592B68D4FD00F3BD36 /* Project object */ = {
			isa = PBXProject;
			attributes = {
				BuildIndependentTargetsInParallel = 1;
				LastSwiftUpdateCheck = 1420;
				LastUpgradeCheck = 1420;
				TargetAttributes = {
					5720B7602B68D4FD00F3BD36 = {
						CreatedOnToolsVersion = 14.2;
					};
					5720B7702B68D50200F3BD36 = {
						CreatedOnToolsVersion = 14.2;
						TestTargetID = 5720B7602B68D4FD00F3BD36;
					};
					5720B77A2B68D50300F3BD36 = {
						CreatedOnToolsVersion = 14.2;
						TestTargetID = 5720B7602B68D4FD00F3BD36;
					};
				};
			};
			buildConfigurationList = 5720B75C2B68D4FD00F3BD36 /* Build configuration list for PBXProject "VirtualCurrency" */;
			compatibilityVersion = "Xcode 14.0";
			developmentRegion = en;
			hasScannedForEncodings = 0;
			knownRegions = (
				en,
				Base,
			);
			mainGroup = 5720B7582B68D4FD00F3BD36;
			packageReferences = (
				57FD69152B6BAB7300E57F96 /* XCRemoteSwiftPackageReference "Moya" */,
			);
			productRefGroup = 5720B7622B68D4FD00F3BD36 /* Products */;
			projectDirPath = "";
			projectRoot = "";
			targets = (
				5720B7602B68D4FD00F3BD36 /* VirtualCurrency */,
				5720B7702B68D50200F3BD36 /* VirtualCurrencyTests */,
				5720B77A2B68D50300F3BD36 /* VirtualCurrencyUITests */,
			);
		};
/* End PBXProject section */

/* Begin PBXResourcesBuildPhase section */
		5720B75F2B68D4FD00F3BD36 /* Resources */ = {
			isa = PBXResourcesBuildPhase;
			buildActionMask = 2147483647;
			files = (
				5720B76C2B68D50200F3BD36 /* Preview Assets.xcassets in Resources */,
				57E564102B68D959004DB0BF /* .gitignore in Resources */,
				5720B7692B68D50200F3BD36 /* Assets.xcassets in Resources */,
			);
			runOnlyForDeploymentPostprocessing = 0;
		};
		5720B76F2B68D50200F3BD36 /* Resources */ = {
			isa = PBXResourcesBuildPhase;
			buildActionMask = 2147483647;
			files = (
			);
			runOnlyForDeploymentPostprocessing = 0;
		};
		5720B7792B68D50300F3BD36 /* Resources */ = {
			isa = PBXResourcesBuildPhase;
			buildActionMask = 2147483647;
			files = (
			);
			runOnlyForDeploymentPostprocessing = 0;
		};
/* End PBXResourcesBuildPhase section */

/* Begin PBXSourcesBuildPhase section */
		5720B75D2B68D4FD00F3BD36 /* Sources */ = {
			isa = PBXSourcesBuildPhase;
			buildActionMask = 2147483647;
			files = (
				5720B7672B68D4FD00F3BD36 /* ContentView.swift in Sources */,
				57FD693A2B6E0A6700E57F96 /* ExchangeViewModel.swift in Sources */,
				57FD693C2B6E0A9E00E57F96 /* VirtualCurrency.swift in Sources */,
				57573EB72B78AA37007D66C7 /* CandleInteractor.swift in Sources */,
				57573ECE2B7A07D1007D66C7 /* DayCandleDTO+Mapping.swift in Sources */,
				57FD69192B6BADD200E57F96 /* HTTPManager.swift in Sources */,
				57FD69442B6E152200E57F96 /* VirtualCurrencyRepository.swift in Sources */,
				57EECCFF2B70819200C8BA77 /* ChartView.swift in Sources */,
				57E2965D2B71EA4900B77D51 /* TradeInteractor.swift in Sources */,
				572D091A2B7A086500451BB1 /* DayCandle.swift in Sources */,
				57FD69342B6D0A1800E57F96 /* TickerRequest.swift in Sources */,
				57EECD032B70922700C8BA77 /* MinuteCandleDTO+Mapping.swift in Sources */,
				570AAB722B733FC100239DB4 /* ViewModelable.swift in Sources */,
				57FCD3942B776DC5006C22C5 /* RealtimeTradeInteractor.swift in Sources */,
				578FE8852B6F846C00107830 /* RealtimeTickerDTO+Mapping.swift in Sources */,
				57573EC42B78B98C007D66C7 /* ReverseHorizontalScrollView.swift in Sources */,
				57FCD3962B776F4A006C22C5 /* RealtimeTradeDTO+Mapping.swift in Sources */,
				57E2965B2B71E96000B77D51 /* TradeRepository.swift in Sources */,
				57EECD072B70A8BC00C8BA77 /* CandleRepository.swift in Sources */,
				57EECD052B70A6B100C8BA77 /* CandleDataSource.swift in Sources */,
				57FD693E2B6E0DA300E57F96 /* VirtualCurrencyInteractor.swift in Sources */,
				57573EC62B78C1D0007D66C7 /* CandleRow.swift in Sources */,
				57FD691B2B6BB0DC00E57F96 /* MarketDTO+Mapping.swift in Sources */,
				57E30A652B8370DA00CECF1F /* Double+Format.swift in Sources */,
				570AAB882B7662E800239DB4 /* Market.swift in Sources */,
				57FD69242B6CBECB00E57F96 /* MarketDataSource.swift in Sources */,
				57E30A672B8377CA00CECF1F /* DIContainer.swift in Sources */,
				57FD691F2B6BCA1E00E57F96 /* TickerDTO+Mapping.swift in Sources */,
				57573EBA2B78B302007D66C7 /* VirtualCurrencyRepositoryProtocol.swift in Sources */,
				57EECD012B708F7B00C8BA77 /* MinuteCandleRequest.swift in Sources */,
				578FE8812B6F0D6800107830 /* ExchangeRow.swift in Sources */,
				5720B7652B68D4FD00F3BD36 /* VirtualCurrencyApp.swift in Sources */,
				57FD69292B6CC89000E57F96 /* TickerDataSource.swift in Sources */,
				57FCD3922B776D67006C22C5 /* RealtimeTickerInteractor.swift in Sources */,
				57FD69142B6BA75900E57F96 /* NetworkBase.swift in Sources */,
				57E296572B71E58B00B77D51 /* TradeDataSource.swift in Sources */,
				570AAB802B76515B00239DB4 /* Trade.swift in Sources */,
				57FD69122B6BA73800E57F96 /* QuotationRouter.swift in Sources */,
				57E30A692B83784600CECF1F /* WebSocketUseCase.swift in Sources */,
				57EECD0B2B70AC8800C8BA77 /* ChartViewModel.swift in Sources */,
				57573EBE2B78B32E007D66C7 /* TradeRepositoryProtocol.swift in Sources */,
				57FD69422B6E0FF600E57F96 /* NetworkError.swift in Sources */,
				57E296552B71CDBE00B77D51 /* TradeRequest.swift in Sources */,
				57573ECA2B7A06ED007D66C7 /* DayCandleRequest.swift in Sources */,
				570AAB842B7651B400239DB4 /* MinuteCandle.swift in Sources */,
				57FD69382B6E0A5600E57F96 /* ExchangeView.swift in Sources */,
				57EDE2C42B6A2E9700F29E10 /* WebSocketManager.swift in Sources */,
				57E296592B71E5C200B77D51 /* TradeDTO+Mapping.swift in Sources */,
				570AAB822B76517600239DB4 /* Ticker.swift in Sources */,
				572D091C2B7A5F2300451BB1 /* String+Format.swift in Sources */,
				57573EBC2B78B318007D66C7 /* CandleRepositoryProtocol.swift in Sources */,
			);
			runOnlyForDeploymentPostprocessing = 0;
		};
		5720B76D2B68D50200F3BD36 /* Sources */ = {
			isa = PBXSourcesBuildPhase;
			buildActionMask = 2147483647;
			files = (
				5720B7762B68D50300F3BD36 /* VirtualCurrencyTests.swift in Sources */,
			);
			runOnlyForDeploymentPostprocessing = 0;
		};
		5720B7772B68D50300F3BD36 /* Sources */ = {
			isa = PBXSourcesBuildPhase;
			buildActionMask = 2147483647;
			files = (
				5720B7802B68D50300F3BD36 /* VirtualCurrencyUITests.swift in Sources */,
				5720B7822B68D50300F3BD36 /* VirtualCurrencyUITestsLaunchTests.swift in Sources */,
			);
			runOnlyForDeploymentPostprocessing = 0;
		};
/* End PBXSourcesBuildPhase section */

/* Begin PBXTargetDependency section */
		5720B7732B68D50300F3BD36 /* PBXTargetDependency */ = {
			isa = PBXTargetDependency;
			target = 5720B7602B68D4FD00F3BD36 /* VirtualCurrency */;
			targetProxy = 5720B7722B68D50300F3BD36 /* PBXContainerItemProxy */;
		};
		5720B77D2B68D50300F3BD36 /* PBXTargetDependency */ = {
			isa = PBXTargetDependency;
			target = 5720B7602B68D4FD00F3BD36 /* VirtualCurrency */;
			targetProxy = 5720B77C2B68D50300F3BD36 /* PBXContainerItemProxy */;
		};
/* End PBXTargetDependency section */

/* Begin XCBuildConfiguration section */
		5720B7832B68D50300F3BD36 /* Debug */ = {
			isa = XCBuildConfiguration;
			buildSettings = {
				ALWAYS_SEARCH_USER_PATHS = NO;
				CLANG_ANALYZER_NONNULL = YES;
				CLANG_ANALYZER_NUMBER_OBJECT_CONVERSION = YES_AGGRESSIVE;
				CLANG_CXX_LANGUAGE_STANDARD = "gnu++20";
				CLANG_ENABLE_MODULES = YES;
				CLANG_ENABLE_OBJC_ARC = YES;
				CLANG_ENABLE_OBJC_WEAK = YES;
				CLANG_WARN_BLOCK_CAPTURE_AUTORELEASING = YES;
				CLANG_WARN_BOOL_CONVERSION = YES;
				CLANG_WARN_COMMA = YES;
				CLANG_WARN_CONSTANT_CONVERSION = YES;
				CLANG_WARN_DEPRECATED_OBJC_IMPLEMENTATIONS = YES;
				CLANG_WARN_DIRECT_OBJC_ISA_USAGE = YES_ERROR;
				CLANG_WARN_DOCUMENTATION_COMMENTS = YES;
				CLANG_WARN_EMPTY_BODY = YES;
				CLANG_WARN_ENUM_CONVERSION = YES;
				CLANG_WARN_INFINITE_RECURSION = YES;
				CLANG_WARN_INT_CONVERSION = YES;
				CLANG_WARN_NON_LITERAL_NULL_CONVERSION = YES;
				CLANG_WARN_OBJC_IMPLICIT_RETAIN_SELF = YES;
				CLANG_WARN_OBJC_LITERAL_CONVERSION = YES;
				CLANG_WARN_OBJC_ROOT_CLASS = YES_ERROR;
				CLANG_WARN_QUOTED_INCLUDE_IN_FRAMEWORK_HEADER = YES;
				CLANG_WARN_RANGE_LOOP_ANALYSIS = YES;
				CLANG_WARN_STRICT_PROTOTYPES = YES;
				CLANG_WARN_SUSPICIOUS_MOVE = YES;
				CLANG_WARN_UNGUARDED_AVAILABILITY = YES_AGGRESSIVE;
				CLANG_WARN_UNREACHABLE_CODE = YES;
				CLANG_WARN__DUPLICATE_METHOD_MATCH = YES;
				COPY_PHASE_STRIP = NO;
				DEBUG_INFORMATION_FORMAT = dwarf;
				ENABLE_STRICT_OBJC_MSGSEND = YES;
				ENABLE_TESTABILITY = YES;
				GCC_C_LANGUAGE_STANDARD = gnu11;
				GCC_DYNAMIC_NO_PIC = NO;
				GCC_NO_COMMON_BLOCKS = YES;
				GCC_OPTIMIZATION_LEVEL = 0;
				GCC_PREPROCESSOR_DEFINITIONS = (
					"DEBUG=1",
					"$(inherited)",
				);
				GCC_WARN_64_TO_32_BIT_CONVERSION = YES;
				GCC_WARN_ABOUT_RETURN_TYPE = YES_ERROR;
				GCC_WARN_UNDECLARED_SELECTOR = YES;
				GCC_WARN_UNINITIALIZED_AUTOS = YES_AGGRESSIVE;
				GCC_WARN_UNUSED_FUNCTION = YES;
				GCC_WARN_UNUSED_VARIABLE = YES;
				IPHONEOS_DEPLOYMENT_TARGET = 16.2;
				MTL_ENABLE_DEBUG_INFO = INCLUDE_SOURCE;
				MTL_FAST_MATH = YES;
				ONLY_ACTIVE_ARCH = YES;
				SDKROOT = iphoneos;
				SWIFT_ACTIVE_COMPILATION_CONDITIONS = DEBUG;
				SWIFT_OPTIMIZATION_LEVEL = "-Onone";
			};
			name = Debug;
		};
		5720B7842B68D50300F3BD36 /* Release */ = {
			isa = XCBuildConfiguration;
			buildSettings = {
				ALWAYS_SEARCH_USER_PATHS = NO;
				CLANG_ANALYZER_NONNULL = YES;
				CLANG_ANALYZER_NUMBER_OBJECT_CONVERSION = YES_AGGRESSIVE;
				CLANG_CXX_LANGUAGE_STANDARD = "gnu++20";
				CLANG_ENABLE_MODULES = YES;
				CLANG_ENABLE_OBJC_ARC = YES;
				CLANG_ENABLE_OBJC_WEAK = YES;
				CLANG_WARN_BLOCK_CAPTURE_AUTORELEASING = YES;
				CLANG_WARN_BOOL_CONVERSION = YES;
				CLANG_WARN_COMMA = YES;
				CLANG_WARN_CONSTANT_CONVERSION = YES;
				CLANG_WARN_DEPRECATED_OBJC_IMPLEMENTATIONS = YES;
				CLANG_WARN_DIRECT_OBJC_ISA_USAGE = YES_ERROR;
				CLANG_WARN_DOCUMENTATION_COMMENTS = YES;
				CLANG_WARN_EMPTY_BODY = YES;
				CLANG_WARN_ENUM_CONVERSION = YES;
				CLANG_WARN_INFINITE_RECURSION = YES;
				CLANG_WARN_INT_CONVERSION = YES;
				CLANG_WARN_NON_LITERAL_NULL_CONVERSION = YES;
				CLANG_WARN_OBJC_IMPLICIT_RETAIN_SELF = YES;
				CLANG_WARN_OBJC_LITERAL_CONVERSION = YES;
				CLANG_WARN_OBJC_ROOT_CLASS = YES_ERROR;
				CLANG_WARN_QUOTED_INCLUDE_IN_FRAMEWORK_HEADER = YES;
				CLANG_WARN_RANGE_LOOP_ANALYSIS = YES;
				CLANG_WARN_STRICT_PROTOTYPES = YES;
				CLANG_WARN_SUSPICIOUS_MOVE = YES;
				CLANG_WARN_UNGUARDED_AVAILABILITY = YES_AGGRESSIVE;
				CLANG_WARN_UNREACHABLE_CODE = YES;
				CLANG_WARN__DUPLICATE_METHOD_MATCH = YES;
				COPY_PHASE_STRIP = NO;
				DEBUG_INFORMATION_FORMAT = "dwarf-with-dsym";
				ENABLE_NS_ASSERTIONS = NO;
				ENABLE_STRICT_OBJC_MSGSEND = YES;
				GCC_C_LANGUAGE_STANDARD = gnu11;
				GCC_NO_COMMON_BLOCKS = YES;
				GCC_WARN_64_TO_32_BIT_CONVERSION = YES;
				GCC_WARN_ABOUT_RETURN_TYPE = YES_ERROR;
				GCC_WARN_UNDECLARED_SELECTOR = YES;
				GCC_WARN_UNINITIALIZED_AUTOS = YES_AGGRESSIVE;
				GCC_WARN_UNUSED_FUNCTION = YES;
				GCC_WARN_UNUSED_VARIABLE = YES;
				IPHONEOS_DEPLOYMENT_TARGET = 16.2;
				MTL_ENABLE_DEBUG_INFO = NO;
				MTL_FAST_MATH = YES;
				SDKROOT = iphoneos;
				SWIFT_COMPILATION_MODE = wholemodule;
				SWIFT_OPTIMIZATION_LEVEL = "-O";
				VALIDATE_PRODUCT = YES;
			};
			name = Release;
		};
		5720B7862B68D50300F3BD36 /* Debug */ = {
			isa = XCBuildConfiguration;
			buildSettings = {
				ASSETCATALOG_COMPILER_APPICON_NAME = AppIcon;
				ASSETCATALOG_COMPILER_GLOBAL_ACCENT_COLOR_NAME = AccentColor;
				CODE_SIGN_STYLE = Automatic;
				CURRENT_PROJECT_VERSION = 1;
				DEVELOPMENT_ASSET_PATHS = "\"VirtualCurrency/Preview Content\"";
				DEVELOPMENT_TEAM = 86BUJA8T6M;
				ENABLE_PREVIEWS = YES;
				GENERATE_INFOPLIST_FILE = YES;
				INFOPLIST_FILE = /Users/seoseungwoo/Documents/Portfolio/VirtualCurrency/VirtualCurrency/info.plist;
				INFOPLIST_KEY_UIApplicationSceneManifest_Generation = YES;
				INFOPLIST_KEY_UIApplicationSupportsIndirectInputEvents = YES;
				INFOPLIST_KEY_UILaunchScreen_Generation = YES;
				INFOPLIST_KEY_UISupportedInterfaceOrientations_iPad = "UIInterfaceOrientationPortrait UIInterfaceOrientationPortraitUpsideDown UIInterfaceOrientationLandscapeLeft UIInterfaceOrientationLandscapeRight";
				INFOPLIST_KEY_UISupportedInterfaceOrientations_iPhone = "UIInterfaceOrientationPortrait UIInterfaceOrientationLandscapeLeft UIInterfaceOrientationLandscapeRight";
				LD_RUNPATH_SEARCH_PATHS = (
					"$(inherited)",
					"@executable_path/Frameworks",
				);
				MARKETING_VERSION = 1.0;
				PRODUCT_BUNDLE_IDENTIFIER = com.prodvssw.98.VirtualCurrency;
				PRODUCT_NAME = "$(TARGET_NAME)";
				SWIFT_EMIT_LOC_STRINGS = YES;
				SWIFT_VERSION = 5.0;
				TARGETED_DEVICE_FAMILY = "1,2";
			};
			name = Debug;
		};
		5720B7872B68D50300F3BD36 /* Release */ = {
			isa = XCBuildConfiguration;
			buildSettings = {
				ASSETCATALOG_COMPILER_APPICON_NAME = AppIcon;
				ASSETCATALOG_COMPILER_GLOBAL_ACCENT_COLOR_NAME = AccentColor;
				CODE_SIGN_STYLE = Automatic;
				CURRENT_PROJECT_VERSION = 1;
				DEVELOPMENT_ASSET_PATHS = "\"VirtualCurrency/Preview Content\"";
				DEVELOPMENT_TEAM = 86BUJA8T6M;
				ENABLE_PREVIEWS = YES;
				GENERATE_INFOPLIST_FILE = YES;
				INFOPLIST_FILE = /Users/seoseungwoo/Documents/Portfolio/VirtualCurrency/VirtualCurrency/info.plist;
				INFOPLIST_KEY_UIApplicationSceneManifest_Generation = YES;
				INFOPLIST_KEY_UIApplicationSupportsIndirectInputEvents = YES;
				INFOPLIST_KEY_UILaunchScreen_Generation = YES;
				INFOPLIST_KEY_UISupportedInterfaceOrientations_iPad = "UIInterfaceOrientationPortrait UIInterfaceOrientationPortraitUpsideDown UIInterfaceOrientationLandscapeLeft UIInterfaceOrientationLandscapeRight";
				INFOPLIST_KEY_UISupportedInterfaceOrientations_iPhone = "UIInterfaceOrientationPortrait UIInterfaceOrientationLandscapeLeft UIInterfaceOrientationLandscapeRight";
				LD_RUNPATH_SEARCH_PATHS = (
					"$(inherited)",
					"@executable_path/Frameworks",
				);
				MARKETING_VERSION = 1.0;
				PRODUCT_BUNDLE_IDENTIFIER = com.prodvssw.98.VirtualCurrency;
				PRODUCT_NAME = "$(TARGET_NAME)";
				SWIFT_EMIT_LOC_STRINGS = YES;
				SWIFT_VERSION = 5.0;
				TARGETED_DEVICE_FAMILY = "1,2";
			};
			name = Release;
		};
		5720B7892B68D50300F3BD36 /* Debug */ = {
			isa = XCBuildConfiguration;
			buildSettings = {
				ALWAYS_EMBED_SWIFT_STANDARD_LIBRARIES = YES;
				BUNDLE_LOADER = "$(TEST_HOST)";
				CODE_SIGN_STYLE = Automatic;
				CURRENT_PROJECT_VERSION = 1;
				DEVELOPMENT_TEAM = 86BUJA8T6M;
				GENERATE_INFOPLIST_FILE = YES;
				IPHONEOS_DEPLOYMENT_TARGET = 16.2;
				MARKETING_VERSION = 1.0;
				PRODUCT_BUNDLE_IDENTIFIER = com.prodvssw.98.VirtualCurrencyTests;
				PRODUCT_NAME = "$(TARGET_NAME)";
				SWIFT_EMIT_LOC_STRINGS = NO;
				SWIFT_VERSION = 5.0;
				TARGETED_DEVICE_FAMILY = "1,2";
				TEST_HOST = "$(BUILT_PRODUCTS_DIR)/VirtualCurrency.app/$(BUNDLE_EXECUTABLE_FOLDER_PATH)/VirtualCurrency";
			};
			name = Debug;
		};
		5720B78A2B68D50300F3BD36 /* Release */ = {
			isa = XCBuildConfiguration;
			buildSettings = {
				ALWAYS_EMBED_SWIFT_STANDARD_LIBRARIES = YES;
				BUNDLE_LOADER = "$(TEST_HOST)";
				CODE_SIGN_STYLE = Automatic;
				CURRENT_PROJECT_VERSION = 1;
				DEVELOPMENT_TEAM = 86BUJA8T6M;
				GENERATE_INFOPLIST_FILE = YES;
				IPHONEOS_DEPLOYMENT_TARGET = 16.2;
				MARKETING_VERSION = 1.0;
				PRODUCT_BUNDLE_IDENTIFIER = com.prodvssw.98.VirtualCurrencyTests;
				PRODUCT_NAME = "$(TARGET_NAME)";
				SWIFT_EMIT_LOC_STRINGS = NO;
				SWIFT_VERSION = 5.0;
				TARGETED_DEVICE_FAMILY = "1,2";
				TEST_HOST = "$(BUILT_PRODUCTS_DIR)/VirtualCurrency.app/$(BUNDLE_EXECUTABLE_FOLDER_PATH)/VirtualCurrency";
			};
			name = Release;
		};
		5720B78C2B68D50300F3BD36 /* Debug */ = {
			isa = XCBuildConfiguration;
			buildSettings = {
				ALWAYS_EMBED_SWIFT_STANDARD_LIBRARIES = YES;
				CODE_SIGN_STYLE = Automatic;
				CURRENT_PROJECT_VERSION = 1;
				DEVELOPMENT_TEAM = 86BUJA8T6M;
				GENERATE_INFOPLIST_FILE = YES;
				MARKETING_VERSION = 1.0;
				PRODUCT_BUNDLE_IDENTIFIER = com.prodvssw.98.VirtualCurrencyUITests;
				PRODUCT_NAME = "$(TARGET_NAME)";
				SWIFT_EMIT_LOC_STRINGS = NO;
				SWIFT_VERSION = 5.0;
				TARGETED_DEVICE_FAMILY = "1,2";
				TEST_TARGET_NAME = VirtualCurrency;
			};
			name = Debug;
		};
		5720B78D2B68D50300F3BD36 /* Release */ = {
			isa = XCBuildConfiguration;
			buildSettings = {
				ALWAYS_EMBED_SWIFT_STANDARD_LIBRARIES = YES;
				CODE_SIGN_STYLE = Automatic;
				CURRENT_PROJECT_VERSION = 1;
				DEVELOPMENT_TEAM = 86BUJA8T6M;
				GENERATE_INFOPLIST_FILE = YES;
				MARKETING_VERSION = 1.0;
				PRODUCT_BUNDLE_IDENTIFIER = com.prodvssw.98.VirtualCurrencyUITests;
				PRODUCT_NAME = "$(TARGET_NAME)";
				SWIFT_EMIT_LOC_STRINGS = NO;
				SWIFT_VERSION = 5.0;
				TARGETED_DEVICE_FAMILY = "1,2";
				TEST_TARGET_NAME = VirtualCurrency;
			};
			name = Release;
		};
/* End XCBuildConfiguration section */

/* Begin XCConfigurationList section */
		5720B75C2B68D4FD00F3BD36 /* Build configuration list for PBXProject "VirtualCurrency" */ = {
			isa = XCConfigurationList;
			buildConfigurations = (
				5720B7832B68D50300F3BD36 /* Debug */,
				5720B7842B68D50300F3BD36 /* Release */,
			);
			defaultConfigurationIsVisible = 0;
			defaultConfigurationName = Release;
		};
		5720B7852B68D50300F3BD36 /* Build configuration list for PBXNativeTarget "VirtualCurrency" */ = {
			isa = XCConfigurationList;
			buildConfigurations = (
				5720B7862B68D50300F3BD36 /* Debug */,
				5720B7872B68D50300F3BD36 /* Release */,
			);
			defaultConfigurationIsVisible = 0;
			defaultConfigurationName = Release;
		};
		5720B7882B68D50300F3BD36 /* Build configuration list for PBXNativeTarget "VirtualCurrencyTests" */ = {
			isa = XCConfigurationList;
			buildConfigurations = (
				5720B7892B68D50300F3BD36 /* Debug */,
				5720B78A2B68D50300F3BD36 /* Release */,
			);
			defaultConfigurationIsVisible = 0;
			defaultConfigurationName = Release;
		};
		5720B78B2B68D50300F3BD36 /* Build configuration list for PBXNativeTarget "VirtualCurrencyUITests" */ = {
			isa = XCConfigurationList;
			buildConfigurations = (
				5720B78C2B68D50300F3BD36 /* Debug */,
				5720B78D2B68D50300F3BD36 /* Release */,
			);
			defaultConfigurationIsVisible = 0;
			defaultConfigurationName = Release;
		};
/* End XCConfigurationList section */

/* Begin XCRemoteSwiftPackageReference section */
		57FD69152B6BAB7300E57F96 /* XCRemoteSwiftPackageReference "Moya" */ = {
			isa = XCRemoteSwiftPackageReference;
			repositoryURL = "https://github.com/Moya/Moya.git";
			requirement = {
				kind = upToNextMajorVersion;
				minimumVersion = 15.0.0;
			};
		};
/* End XCRemoteSwiftPackageReference section */

/* Begin XCSwiftPackageProductDependency section */
		57FD69162B6BAB7300E57F96 /* Moya */ = {
			isa = XCSwiftPackageProductDependency;
			package = 57FD69152B6BAB7300E57F96 /* XCRemoteSwiftPackageReference "Moya" */;
			productName = Moya;
		};
/* End XCSwiftPackageProductDependency section */
	};
	rootObject = 5720B7592B68D4FD00F3BD36 /* Project object */;
}
